
Microsoft Visual Studio Solution File, Format Version 11.00
# Visual Studio 2010
Project("{FAE04EC0-301F-11D3-BF4B-00C04F79EFBC}") = "Zehnshaffaf_App", "Assembly-CSharp.csproj", "{E5F3A4FF-2658-AD3B-DA17-15D79AFE7800}"
EndProject
Project("{FAE04EC0-301F-11D3-BF4B-00C04F79EFBC}") = "Zehnshaffaf_App", "Assembly-CSharp-Editor.csproj", "{5E864B47-2FB4-23E7-765E-F44DB49C187D}"
EndProject
Global
	GlobalSection(SolutionConfigurationPlatforms) = preSolution
		Debug|Any CPU = Debug|Any CPU
		Release|Any CPU = Release|Any CPU
	EndGlobalSection
	GlobalSection(ProjectConfigurationPlatforms) = postSolution
		{E5F3A4FF-2658-AD3B-DA17-15D79AFE7800}.Debug|Any CPU.ActiveCfg = Debug|Any CPU
		{E5F3A4FF-2658-AD3B-DA17-15D79AFE7800}.Debug|Any CPU.Build.0 = Debug|Any CPU
		{E5F3A4FF-2658-AD3B-DA17-15D79AFE7800}.Release|Any CPU.ActiveCfg = Release|Any CPU
		{E5F3A4FF-2658-AD3B-DA17-15D79AFE7800}.Release|Any CPU.Build.0 = Release|Any CPU
		{5E864B47-2FB4-23E7-765E-F44DB49C187D}.Debug|Any CPU.ActiveCfg = Debug|Any CPU
		{5E864B47-2FB4-23E7-765E-F44DB49C187D}.Debug|Any CPU.Build.0 = Debug|Any CPU
		{5E864B47-2FB4-23E7-765E-F44DB49C187D}.Release|Any CPU.ActiveCfg = Release|Any CPU
		{5E864B47-2FB4-23E7-765E-F44DB49C187D}.Release|Any CPU.Build.0 = Release|Any CPU
	EndGlobalSection
	GlobalSection(SolutionProperties) = preSolution
		HideSolutionNode = FALSE
	EndGlobalSection
	GlobalSection(MonoDevelopProperties) = preSolution
		StartupItem = Assembly-CSharp.csproj
	EndGlobalSection
EndGlobal
